// !$*UTF8*$!
{
	archiveVersion = 1;
	classes = {
	};
	objectVersion = 50;
	objects = {

/* Begin PBXBuildFile section */
		9B3A6AE6225E17C4008CCE0A /* AppDelegate.swift in Sources */ = {isa = PBXBuildFile; fileRef = 9B3A6AE5225E17C4008CCE0A /* AppDelegate.swift */; };
		9B3A6AE8225E17C4008CCE0A /* ViewController.swift in Sources */ = {isa = PBXBuildFile; fileRef = 9B3A6AE7225E17C4008CCE0A /* ViewController.swift */; };
		9B3A6AEB225E17C4008CCE0A /* Main.storyboard in Resources */ = {isa = PBXBuildFile; fileRef = 9B3A6AE9225E17C4008CCE0A /* Main.storyboard */; };
		9B3A6AED225E17C5008CCE0A /* Assets.xcassets in Resources */ = {isa = PBXBuildFile; fileRef = 9B3A6AEC225E17C5008CCE0A /* Assets.xcassets */; };
		9B3A6AF0225E17C5008CCE0A /* LaunchScreen.storyboard in Resources */ = {isa = PBXBuildFile; fileRef = 9B3A6AEE225E17C5008CCE0A /* LaunchScreen.storyboard */; };
		9B3A6AFB225E17C5008CCE0A /* PodTestTests.swift in Sources */ = {isa = PBXBuildFile; fileRef = 9B3A6AFA225E17C5008CCE0A /* PodTestTests.swift */; };
		9B3A6B06225E17C5008CCE0A /* PodTestUITests.swift in Sources */ = {isa = PBXBuildFile; fileRef = 9B3A6B05225E17C5008CCE0A /* PodTestUITests.swift */; };
		9B3A6B14225E1818008CCE0A /* CustomView.swift in Sources */ = {isa = PBXBuildFile; fileRef = 9B3A6B13225E1818008CCE0A /* CustomView.swift */; };
/* End PBXBuildFile section */

/* Begin PBXContainerItemProxy section */
		9B3A6AF7225E17C5008CCE0A /* PBXContainerItemProxy */ = {
			isa = PBXContainerItemProxy;
			containerPortal = 9B3A6ADA225E17C4008CCE0A /* Project object */;
			proxyType = 1;
			remoteGlobalIDString = 9B3A6AE1225E17C4008CCE0A;
			remoteInfo = PodTest;
		};
		9B3A6B02225E17C5008CCE0A /* PBXContainerItemProxy */ = {
			isa = PBXContainerItemProxy;
			containerPortal = 9B3A6ADA225E17C4008CCE0A /* Project object */;
			proxyType = 1;
			remoteGlobalIDString = 9B3A6AE1225E17C4008CCE0A;
			remoteInfo = PodTest;
		};
/* End PBXContainerItemProxy section */

/* Begin PBXFileReference section */
		9B3A6AE2225E17C4008CCE0A /* PodTest.app */ = {isa = PBXFileReference; explicitFileType = wrapper.application; includeInIndex = 0; path = PodTest.app; sourceTree = BUILT_PRODUCTS_DIR; };
		9B3A6AE5225E17C4008CCE0A /* AppDelegate.swift */ = {isa = PBXFileReference; lastKnownFileType = sourcecode.swift; path = AppDelegate.swift; sourceTree = "<group>"; };
		9B3A6AE7225E17C4008CCE0A /* ViewController.swift */ = {isa = PBXFileReference; lastKnownFileType = sourcecode.swift; path = ViewController.swift; sourceTree = "<group>"; };
		9B3A6AEA225E17C4008CCE0A /* Base */ = {isa = PBXFileReference; lastKnownFileType = file.storyboard; name = Base; path = Base.lproj/Main.storyboard; sourceTree = "<group>"; };
		9B3A6AEC225E17C5008CCE0A /* Assets.xcassets */ = {isa = PBXFileReference; lastKnownFileType = folder.assetcatalog; path = Assets.xcassets; sourceTree = "<group>"; };
		9B3A6AEF225E17C5008CCE0A /* Base */ = {isa = PBXFileReference; lastKnownFileType = file.storyboard; name = Base; path = Base.lproj/LaunchScreen.storyboard; sourceTree = "<group>"; };
		9B3A6AF1225E17C5008CCE0A /* Info.plist */ = {isa = PBXFileReference; lastKnownFileType = text.plist.xml; path = Info.plist; sourceTree = "<group>"; };
		9B3A6AF6225E17C5008CCE0A /* PodTestTests.xctest */ = {isa = PBXFileReference; explicitFileType = wrapper.cfbundle; includeInIndex = 0; path = PodTestTests.xctest; sourceTree = BUILT_PRODUCTS_DIR; };
		9B3A6AFA225E17C5008CCE0A /* PodTestTests.swift */ = {isa = PBXFileReference; lastKnownFileType = sourcecode.swift; path = PodTestTests.swift; sourceTree = "<group>"; };
		9B3A6AFC225E17C5008CCE0A /* Info.plist */ = {isa = PBXFileReference; lastKnownFileType = text.plist.xml; path = Info.plist; sourceTree = "<group>"; };
		9B3A6B01225E17C5008CCE0A /* PodTestUITests.xctest */ = {isa = PBXFileReference; explicitFileType = wrapper.cfbundle; includeInIndex = 0; path = PodTestUITests.xctest; sourceTree = BUILT_PRODUCTS_DIR; };
		9B3A6B05225E17C5008CCE0A /* PodTestUITests.swift */ = {isa = PBXFileReference; lastKnownFileType = sourcecode.swift; path = PodTestUITests.swift; sourceTree = "<group>"; };
		9B3A6B07225E17C5008CCE0A /* Info.plist */ = {isa = PBXFileReference; lastKnownFileType = text.plist.xml; path = Info.plist; sourceTree = "<group>"; };
		9B3A6B13225E1818008CCE0A /* CustomView.swift */ = {isa = PBXFileReference; lastKnownFileType = sourcecode.swift; path = CustomView.swift; sourceTree = "<group>"; };
/* End PBXFileReference section */

/* Begin PBXFrameworksBuildPhase section */
		9B3A6ADF225E17C4008CCE0A /* Frameworks */ = {
			isa = PBXFrameworksBuildPhase;
			buildActionMask = 2147483647;
			files = (
			);
			runOnlyForDeploymentPostprocessing = 0;
		};
		9B3A6AF3225E17C5008CCE0A /* Frameworks */ = {
			isa = PBXFrameworksBuildPhase;
			buildActionMask = 2147483647;
			files = (
			);
			runOnlyForDeploymentPostprocessing = 0;
		};
		9B3A6AFE225E17C5008CCE0A /* Frameworks */ = {
			isa = PBXFrameworksBuildPhase;
			buildActionMask = 2147483647;
			files = (
			);
			runOnlyForDeploymentPostprocessing = 0;
		};
/* End PBXFrameworksBuildPhase section */

/* Begin PBXGroup section */
		9B3A6AD9225E17C4008CCE0A = {
			isa = PBXGroup;
			children = (
				9B3A6AE4225E17C4008CCE0A /* PodTest */,
				9B3A6AF9225E17C5008CCE0A /* PodTestTests */,
				9B3A6B04225E17C5008CCE0A /* PodTestUITests */,
				9B3A6AE3225E17C4008CCE0A /* Products */,
			);
			sourceTree = "<group>";
		};
		9B3A6AE3225E17C4008CCE0A /* Products */ = {
			isa = PBXGroup;
			children = (
				9B3A6AE2225E17C4008CCE0A /* PodTest.app */,
				9B3A6AF6225E17C5008CCE0A /* PodTestTests.xctest */,
				9B3A6B01225E17C5008CCE0A /* PodTestUITests.xctest */,
			);
			name = Products;
			sourceTree = "<group>";
		};
		9B3A6AE4225E17C4008CCE0A /* PodTest */ = {
			isa = PBXGroup;
			children = (
				9B3A6AE5225E17C4008CCE0A /* AppDelegate.swift */,
				9B3A6AE7225E17C4008CCE0A /* ViewController.swift */,
				9B3A6AE9225E17C4008CCE0A /* Main.storyboard */,
				9B3A6AEC225E17C5008CCE0A /* Assets.xcassets */,
				9B3A6AEE225E17C5008CCE0A /* LaunchScreen.storyboard */,
				9B3A6AF1225E17C5008CCE0A /* Info.plist */,
				9B3A6B13225E1818008CCE0A /* CustomView.swift */,
			);
			path = PodTest;
			sourceTree = "<group>";
		};
		9B3A6AF9225E17C5008CCE0A /* PodTestTests */ = {
			isa = PBXGroup;
			children = (
				9B3A6AFA225E17C5008CCE0A /* PodTestTests.swift */,
				9B3A6AFC225E17C5008CCE0A /* Info.plist */,
			);
			path = PodTestTests;
			sourceTree = "<group>";
		};
		9B3A6B04225E17C5008CCE0A /* PodTestUITests */ = {
			isa = PBXGroup;
			children = (
				9B3A6B05225E17C5008CCE0A /* PodTestUITests.swift */,
				9B3A6B07225E17C5008CCE0A /* Info.plist */,
			);
			path = PodTestUITests;
			sourceTree = "<group>";
		};
/* End PBXGroup section */

/* Begin PBXNativeTarget section */
		9B3A6AE1225E17C4008CCE0A /* PodTest */ = {
			isa = PBXNativeTarget;
			buildConfigurationList = 9B3A6B0A225E17C5008CCE0A /* Build configuration list for PBXNativeTarget "PodTest" */;
			buildPhases = (
				9B3A6ADE225E17C4008CCE0A /* Sources */,
				9B3A6ADF225E17C4008CCE0A /* Frameworks */,
				9B3A6AE0225E17C4008CCE0A /* Resources */,
			);
			buildRules = (
			);
			dependencies = (
			);
			name = PodTest;
			productName = PodTest;
			productReference = 9B3A6AE2225E17C4008CCE0A /* PodTest.app */;
			productType = "com.apple.product-type.application";
		};
		9B3A6AF5225E17C5008CCE0A /* PodTestTests */ = {
			isa = PBXNativeTarget;
			buildConfigurationList = 9B3A6B0D225E17C5008CCE0A /* Build configuration list for PBXNativeTarget "PodTestTests" */;
			buildPhases = (
				9B3A6AF2225E17C5008CCE0A /* Sources */,
				9B3A6AF3225E17C5008CCE0A /* Frameworks */,
				9B3A6AF4225E17C5008CCE0A /* Resources */,
			);
			buildRules = (
			);
			dependencies = (
				9B3A6AF8225E17C5008CCE0A /* PBXTargetDependency */,
			);
			name = PodTestTests;
			productName = PodTestTests;
			productReference = 9B3A6AF6225E17C5008CCE0A /* PodTestTests.xctest */;
			productType = "com.apple.product-type.bundle.unit-test";
		};
		9B3A6B00225E17C5008CCE0A /* PodTestUITests */ = {
			isa = PBXNativeTarget;
			buildConfigurationList = 9B3A6B10225E17C5008CCE0A /* Build configuration list for PBXNativeTarget "PodTestUITests" */;
			buildPhases = (
				9B3A6AFD225E17C5008CCE0A /* Sources */,
				9B3A6AFE225E17C5008CCE0A /* Frameworks */,
				9B3A6AFF225E17C5008CCE0A /* Resources */,
			);
			buildRules = (
			);
			dependencies = (
				9B3A6B03225E17C5008CCE0A /* PBXTargetDependency */,
			);
			name = PodTestUITests;
			productName = PodTestUITests;
			productReference = 9B3A6B01225E17C5008CCE0A /* PodTestUITests.xctest */;
			productType = "com.apple.product-type.bundle.ui-testing";
		};
/* End PBXNativeTarget section */

/* Begin PBXProject section */
		9B3A6ADA225E17C4008CCE0A /* Project object */ = {
			isa = PBXProject;
			attributes = {
				LastSwiftUpdateCheck = 1010;
				LastUpgradeCheck = 1010;
				ORGANIZATIONNAME = "王磊";
				TargetAttributes = {
					9B3A6AE1225E17C4008CCE0A = {
						CreatedOnToolsVersion = 10.1;
					};
					9B3A6AF5225E17C5008CCE0A = {
						CreatedOnToolsVersion = 10.1;
						TestTargetID = 9B3A6AE1225E17C4008CCE0A;
					};
					9B3A6B00225E17C5008CCE0A = {
						CreatedOnToolsVersion = 10.1;
						TestTargetID = 9B3A6AE1225E17C4008CCE0A;
					};
				};
			};
			buildConfigurationList = 9B3A6ADD225E17C4008CCE0A /* Build configuration list for PBXProject "PodTest" */;
			compatibilityVersion = "Xcode 9.3";
			developmentRegion = en;
			hasScannedForEncodings = 0;
			knownRegions = (
				en,
				Base,
			);
			mainGroup = 9B3A6AD9225E17C4008CCE0A;
			productRefGroup = 9B3A6AE3225E17C4008CCE0A /* Products */;
			projectDirPath = "";
			projectRoot = "";
			targets = (
				9B3A6AE1225E17C4008CCE0A /* PodTest */,
				9B3A6AF5225E17C5008CCE0A /* PodTestTests */,
				9B3A6B00225E17C5008CCE0A /* PodTestUITests */,
			);
		};
/* End PBXProject section */

/* Begin PBXResourcesBuildPhase section */
		9B3A6AE0225E17C4008CCE0A /* Resources */ = {
			isa = PBXResourcesBuildPhase;
			buildActionMask = 2147483647;
			files = (
				9B3A6AF0225E17C5008CCE0A /* LaunchScreen.storyboard in Resources */,
				9B3A6AED225E17C5008CCE0A /* Assets.xcassets in Resources */,
				9B3A6AEB225E17C4008CCE0A /* Main.storyboard in Resources */,
			);
			runOnlyForDeploymentPostprocessing = 0;
		};
		9B3A6AF4225E17C5008CCE0A /* Resources */ = {
			isa = PBXResourcesBuildPhase;
			buildActionMask = 2147483647;
			files = (
			);
			runOnlyForDeploymentPostprocessing = 0;
		};
		9B3A6AFF225E17C5008CCE0A /* Resources */ = {
			isa = PBXResourcesBuildPhase;
			buildActionMask = 2147483647;
			files = (
			);
			runOnlyForDeploymentPostprocessing = 0;
		};
/* End PBXResourcesBuildPhase section */

/* Begin PBXSourcesBuildPhase section */
		9B3A6ADE225E17C4008CCE0A /* Sources */ = {
			isa = PBXSourcesBuildPhase;
			buildActionMask = 2147483647;
			files = (
				9B3A6B14225E1818008CCE0A /* CustomView.swift in Sources */,
				9B3A6AE8225E17C4008CCE0A /* ViewController.swift in Sources */,
				9B3A6AE6225E17C4008CCE0A /* AppDelegate.swift in Sources */,
			);
			runOnlyForDeploymentPostprocessing = 0;
		};
		9B3A6AF2225E17C5008CCE0A /* Sources */ = {
			isa = PBXSourcesBuildPhase;
			buildActionMask = 2147483647;
			files = (
				9B3A6AFB225E17C5008CCE0A /* PodTestTests.swift in Sources */,
			);
			runOnlyForDeploymentPostprocessing = 0;
		};
		9B3A6AFD225E17C5008CCE0A /* Sources */ = {
			isa = PBXSourcesBuildPhase;
			buildActionMask = 2147483647;
			files = (
				9B3A6B06225E17C5008CCE0A /* PodTestUITests.swift in Sources */,
			);
			runOnlyForDeploymentPostprocessing = 0;
		};
/* End PBXSourcesBuildPhase section */

/* Begin PBXTargetDependency section */
		9B3A6AF8225E17C5008CCE0A /* PBXTargetDependency */ = {
			isa = PBXTargetDependency;
			target = 9B3A6AE1225E17C4008CCE0A /* PodTest */;
			targetProxy = 9B3A6AF7225E17C5008CCE0A /* PBXContainerItemProxy */;
		};
		9B3A6B03225E17C5008CCE0A /* PBXTargetDependency */ = {
			isa = PBXTargetDependency;
			target = 9B3A6AE1225E17C4008CCE0A /* PodTest */;
			targetProxy = 9B3A6B02225E17C5008CCE0A /* PBXContainerItemProxy */;
		};
/* End PBXTargetDependency section */

/* Begin PBXVariantGroup section */
		9B3A6AE9225E17C4008CCE0A /* Main.storyboard */ = {
			isa = PBXVariantGroup;
			children = (
				9B3A6AEA225E17C4008CCE0A /* Base */,
			);
			name = Main.storyboard;
			sourceTree = "<group>";
		};
		9B3A6AEE225E17C5008CCE0A /* LaunchScreen.storyboard */ = {
			isa = PBXVariantGroup;
			children = (
				9B3A6AEF225E17C5008CCE0A /* Base */,
			);
			name = LaunchScreen.storyboard;
			sourceTree = "<group>";
		};
/* End PBXVariantGroup section */

/* Begin XCBuildConfiguration section */
		9B3A6B08225E17C5008CCE0A /* Debug */ = {
			isa = XCBuildConfiguration;
			buildSettings = {
				ALWAYS_SEARCH_USER_PATHS = NO;
				CLANG_ANALYZER_NONNULL = YES;
				CLANG_ANALYZER_NUMBER_OBJECT_CONVERSION = YES_AGGRESSIVE;
				CLANG_CXX_LANGUAGE_STANDARD = "gnu++14";
				CLANG_CXX_LIBRARY = "libc++";
				CLANG_ENABLE_MODULES = YES;
				CLANG_ENABLE_OBJC_ARC = YES;
				CLANG_ENABLE_OBJC_WEAK = YES;
				CLANG_WARN_BLOCK_CAPTURE_AUTORELEASING = YES;
				CLANG_WARN_BOOL_CONVERSION = YES;
				CLANG_WARN_COMMA = YES;
				CLANG_WARN_CONSTANT_CONVERSION = YES;
				CLANG_WARN_DEPRECATED_OBJC_IMPLEMENTATIONS = YES;
				CLANG_WARN_DIRECT_OBJC_ISA_USAGE = YES_ERROR;
				CLANG_WARN_DOCUMENTATION_COMMENTS = YES;
				CLANG_WARN_EMPTY_BODY = YES;
				CLANG_WARN_ENUM_CONVERSION = YES;
				CLANG_WARN_INFINITE_RECURSION = YES;
				CLANG_WARN_INT_CONVERSION = YES;
				CLANG_WARN_NON_LITERAL_NULL_CONVERSION = YES;
				CLANG_WARN_OBJC_IMPLICIT_RETAIN_SELF = YES;
				CLANG_WARN_OBJC_LITERAL_CONVERSION = YES;
				CLANG_WARN_OBJC_ROOT_CLASS = YES_ERROR;
				CLANG_WARN_RANGE_LOOP_ANALYSIS = YES;
				CLANG_WARN_STRICT_PROTOTYPES = YES;
				CLANG_WARN_SUSPICIOUS_MOVE = YES;
				CLANG_WARN_UNGUARDED_AVAILABILITY = YES_AGGRESSIVE;
				CLANG_WARN_UNREACHABLE_CODE = YES;
				CLANG_WARN__DUPLICATE_METHOD_MATCH = YES;
				CODE_SIGN_IDENTITY = "iPhone Developer";
				COPY_PHASE_STRIP = NO;
				DEBUG_INFORMATION_FORMAT = dwarf;
				ENABLE_STRICT_OBJC_MSGSEND = YES;
				ENABLE_TESTABILITY = YES;
				GCC_C_LANGUAGE_STANDARD = gnu11;
				GCC_DYNAMIC_NO_PIC = NO;
				GCC_NO_COMMON_BLOCKS = YES;
				GCC_OPTIMIZATION_LEVEL = 0;
				GCC_PREPROCESSOR_DEFINITIONS = (
					"DEBUG=1",
					"$(inherited)",
				);
				GCC_WARN_64_TO_32_BIT_CONVERSION = YES;
				GCC_WARN_ABOUT_RETURN_TYPE = YES_ERROR;
				GCC_WARN_UNDECLARED_SELECTOR = YES;
				GCC_WARN_UNINITIALIZED_AUTOS = YES_AGGRESSIVE;
				GCC_WARN_UNUSED_FUNCTION = YES;
				GCC_WARN_UNUSED_VARIABLE = YES;
				IPHONEOS_DEPLOYMENT_TARGET = 12.1;
				MTL_ENABLE_DEBUG_INFO = INCLUDE_SOURCE;
				MTL_FAST_MATH = YES;
				ONLY_ACTIVE_ARCH = YES;
				SDKROOT = iphoneos;
				SWIFT_ACTIVE_COMPILATION_CONDITIONS = DEBUG;
				SWIFT_OPTIMIZATION_LEVEL = "-Onone";
			};
			name = Debug;
		};
		9B3A6B09225E17C5008CCE0A /* Release */ = {
			isa = XCBuildConfiguration;
			buildSettings = {
				ALWAYS_SEARCH_USER_PATHS = NO;
				CLANG_ANALYZER_NONNULL = YES;
				CLANG_ANALYZER_NUMBER_OBJECT_CONVERSION = YES_AGGRESSIVE;
				CLANG_CXX_LANGUAGE_STANDARD = "gnu++14";
				CLANG_CXX_LIBRARY = "libc++";
				CLANG_ENABLE_MODULES = YES;
				CLANG_ENABLE_OBJC_ARC = YES;
				CLANG_ENABLE_OBJC_WEAK = YES;
				CLANG_WARN_BLOCK_CAPTURE_AUTORELEASING = YES;
				CLANG_WARN_BOOL_CONVERSION = YES;
				CLANG_WARN_COMMA = YES;
				CLANG_WARN_CONSTANT_CONVERSION = YES;
				CLANG_WARN_DEPRECATED_OBJC_IMPLEMENTATIONS = YES;
				CLANG_WARN_DIRECT_OBJC_ISA_USAGE = YES_ERROR;
				CLANG_WARN_DOCUMENTATION_COMMENTS = YES;
				CLANG_WARN_EMPTY_BODY = YES;
				CLANG_WARN_ENUM_CONVERSION = YES;
				CLANG_WARN_INFINITE_RECURSION = YES;
				CLANG_WARN_INT_CONVERSION = YES;
				CLANG_WARN_NON_LITERAL_NULL_CONVERSION = YES;
				CLANG_WARN_OBJC_IMPLICIT_RETAIN_SELF = YES;
				CLANG_WARN_OBJC_LITERAL_CONVERSION = YES;
				CLANG_WARN_OBJC_ROOT_CLASS = YES_ERROR;
				CLANG_WARN_RANGE_LOOP_ANALYSIS = YES;
				CLANG_WARN_STRICT_PROTOTYPES = YES;
				CLANG_WARN_SUSPICIOUS_MOVE = YES;
				CLANG_WARN_UNGUARDED_AVAILABILITY = YES_AGGRESSIVE;
				CLANG_WARN_UNREACHABLE_CODE = YES;
				CLANG_WARN__DUPLICATE_METHOD_MATCH = YES;
				CODE_SIGN_IDENTITY = "iPhone Developer";
				COPY_PHASE_STRIP = NO;
				DEBUG_INFORMATION_FORMAT = "dwarf-with-dsym";
				ENABLE_NS_ASSERTIONS = NO;
				ENABLE_STRICT_OBJC_MSGSEND = YES;
				GCC_C_LANGUAGE_STANDARD = gnu11;
				GCC_NO_COMMON_BLOCKS = YES;
				GCC_WARN_64_TO_32_BIT_CONVERSION = YES;
				GCC_WARN_ABOUT_RETURN_TYPE = YES_ERROR;
				GCC_WARN_UNDECLARED_SELECTOR = YES;
				GCC_WARN_UNINITIALIZED_AUTOS = YES_AGGRESSIVE;
				GCC_WARN_UNUSED_FUNCTION = YES;
				GCC_WARN_UNUSED_VARIABLE = YES;
				IPHONEOS_DEPLOYMENT_TARGET = 12.1;
				MTL_ENABLE_DEBUG_INFO = NO;
				MTL_FAST_MATH = YES;
				SDKROOT = iphoneos;
				SWIFT_COMPILATION_MODE = wholemodule;
				SWIFT_OPTIMIZATION_LEVEL = "-O";
				VALIDATE_PRODUCT = YES;
			};
			name = Release;
		};
		9B3A6B0B225E17C5008CCE0A /* Debug */ = {
			isa = XCBuildConfiguration;
			buildSettings = {
				ASSETCATALOG_COMPILER_APPICON_NAME = AppIcon;
				CODE_SIGN_STYLE = Automatic;
				INFOPLIST_FILE = PodTest/Info.plist;
				LD_RUNPATH_SEARCH_PATHS = (
					"$(inherited)",
					"@executable_path/Frameworks",
				);
				PRODUCT_BUNDLE_IDENTIFIER = com.caesar.PodTest;
				PRODUCT_NAME = "$(TARGET_NAME)";
				SWIFT_VERSION = 4.2;
				TARGETED_DEVICE_FAMILY = "1,2";
			};
			name = Debug;
		};
		9B3A6B0C225E17C5008CCE0A /* Release */ = {
			isa = XCBuildConfiguration;
			buildSettings = {
				ASSETCATALOG_COMPILER_APPICON_NAME = AppIcon;
				CODE_SIGN_STYLE = Automatic;
				INFOPLIST_FILE = PodTest/Info.plist;
				LD_RUNPATH_SEARCH_PATHS = (
					"$(inherited)",
					"@executable_path/Frameworks",
				);
				PRODUCT_BUNDLE_IDENTIFIER = com.caesar.PodTest;
				PRODUCT_NAME = "$(TARGET_NAME)";
				SWIFT_VERSION = 4.2;
				TARGETED_DEVICE_FAMILY = "1,2";
			};
			name = Release;
		};
		9B3A6B0E225E17C5008CCE0A /* Debug */ = {
			isa = XCBuildConfiguration;
			buildSettings = {
				ALWAYS_EMBED_SWIFT_STANDARD_LIBRARIES = YES;
				BUNDLE_LOADER = "$(TEST_HOST)";
				CODE_SIGN_STYLE = Automatic;
				INFOPLIST_FILE = PodTestTests/Info.plist;
				LD_RUNPATH_SEARCH_PATHS = (
					"$(inherited)",
					"@executable_path/Frameworks",
					"@loader_path/Frameworks",
				);
				PRODUCT_BUNDLE_IDENTIFIER = com.caesar.PodTestTests;
				PRODUCT_NAME = "$(TARGET_NAME)";
				SWIFT_VERSION = 4.2;
				TARGETED_DEVICE_FAMILY = "1,2";
				TEST_HOST = "$(BUILT_PRODUCTS_DIR)/PodTest.app/PodTest";
			};
			name = Debug;
		};
		9B3A6B0F225E17C5008CCE0A /* Release */ = {
			isa = XCBuildConfiguration;
			buildSettings = {
				ALWAYS_EMBED_SWIFT_STANDARD_LIBRARIES = YES;
				BUNDLE_LOADER = "$(TEST_HOST)";
				CODE_SIGN_STYLE = Automatic;
				INFOPLIST_FILE = PodTestTests/Info.plist;
				LD_RUNPATH_SEARCH_PATHS = (
					"$(inherited)",
					"@executable_path/Frameworks",
					"@loader_path/Frameworks",
				);
				PRODUCT_BUNDLE_IDENTIFIER = com.caesar.PodTestTests;
				PRODUCT_NAME = "$(TARGET_NAME)";
				SWIFT_VERSION = 4.2;
				TARGETED_DEVICE_FAMILY = "1,2";
				TEST_HOST = "$(BUILT_PRODUCTS_DIR)/PodTest.app/PodTest";
			};
			name = Release;
		};
		9B3A6B11225E17C5008CCE0A /* Debug */ = {
			isa = XCBuildConfiguration;
			buildSettings = {
				ALWAYS_EMBED_SWIFT_STANDARD_LIBRARIES = YES;
				CODE_SIGN_STYLE = Automatic;
				INFOPLIST_FILE = PodTestUITests/Info.plist;
				LD_RUNPATH_SEARCH_PATHS = (
					"$(inherited)",
					"@executable_path/Frameworks",
					"@loader_path/Frameworks",
				);
				PRODUCT_BUNDLE_IDENTIFIER = com.caesar.PodTestUITests;
				PRODUCT_NAME = "$(TARGET_NAME)";
				SWIFT_VERSION = 4.2;
				TARGETED_DEVICE_FAMILY = "1,2";
				TEST_TARGET_NAME = PodTest;
			};
			name = Debug;
		};
		9B3A6B12225E17C5008CCE0A /* Release */ = {
			isa = XCBuildConfiguration;
			buildSettings = {
				ALWAYS_EMBED_SWIFT_STANDARD_LIBRARIES = YES;
				CODE_SIGN_STYLE = Automatic;
				INFOPLIST_FILE = PodTestUITests/Info.plist;
				LD_RUNPATH_SEARCH_PATHS = (
					"$(inherited)",
					"@executable_path/Frameworks",
					"@loader_path/Frameworks",
				);
				PRODUCT_BUNDLE_IDENTIFIER = com.caesar.PodTestUITests;
				PRODUCT_NAME = "$(TARGET_NAME)";
				SWIFT_VERSION = 4.2;
				TARGETED_DEVICE_FAMILY = "1,2";
				TEST_TARGET_NAME = PodTest;
			};
			name = Release;
		};
/* End XCBuildConfiguration section */

/* Begin XCConfigurationList section */
		9B3A6ADD225E17C4008CCE0A /* Build configuration list for PBXProject "PodTest" */ = {
			isa = XCConfigurationList;
			buildConfigurations = (
				9B3A6B08225E17C5008CCE0A /* Debug */,
				9B3A6B09225E17C5008CCE0A /* Release */,
			);
			defaultConfigurationIsVisible = 0;
			defaultConfigurationName = Release;
		};
		9B3A6B0A225E17C5008CCE0A /* Build configuration list for PBXNativeTarget "PodTest" */ = {
			isa = XCConfigurationList;
			buildConfigurations = (
				9B3A6B0B225E17C5008CCE0A /* Debug */,
				9B3A6B0C225E17C5008CCE0A /* Release */,
			);
			defaultConfigurationIsVisible = 0;
			defaultConfigurationName = Release;
		};
		9B3A6B0D225E17C5008CCE0A /* Build configuration list for PBXNativeTarget "PodTestTests" */ = {
			isa = XCConfigurationList;
			buildConfigurations = (
				9B3A6B0E225E17C5008CCE0A /* Debug */,
				9B3A6B0F225E17C5008CCE0A /* Release */,
			);
			defaultConfigurationIsVisible = 0;
			defaultConfigurationName = Release;
		};
		9B3A6B10225E17C5008CCE0A /* Build configuration list for PBXNativeTarget "PodTestUITests" */ = {
			isa = XCConfigurationList;
			buildConfigurations = (
				9B3A6B11225E17C5008CCE0A /* Debug */,
				9B3A6B12225E17C5008CCE0A /* Release */,
			);
			defaultConfigurationIsVisible = 0;
			defaultConfigurationName = Release;
		};
/* End XCConfigurationList section */
	};
	rootObject = 9B3A6ADA225E17C4008CCE0A /* Project object */;
}
